{
  "nodes": {
    "nixpkgs": {
      "locked": {
        "lastModified": 1705696397,
        "narHash": "sha256-uUoF/9fD1BLjqqCeAXvBpWmU/Au3+gL3H/Bln2Ws4TA=",
        "owner": "NixOS",
        "repo": "nixpkgs",
        "rev": "f98200221471d4f4b2b958cf5bc810cbc2b285fa",
        "type": "github"
      },
      "original": {
        "owner": "NixOS",
        "repo": "nixpkgs",
        "type": "github"
      }
    },
    "root": {
      "inputs": {
        "nixpkgs": "nixpkgs"
      }
    }
  },
  "root": "root",
  "version": 7
}
