{
  "nodes": {
    "nixpkgs": {
      "locked": {
        "lastModified": 1705570918,
        "narHash": "sha256-QaPyMknVEzqzFym/XoWX+a1COPib9WWpGyC7byeMw4w=",
        "owner": "NixOS",
        "repo": "nixpkgs",
        "rev": "7ca09481d882942a905fb439ddcd239403a60b6e",
        "type": "github"
      },
      "original": {
        "owner": "NixOS",
        "repo": "nixpkgs",
        "type": "github"
      }
    },
    "root": {
      "inputs": {
        "nixpkgs": "nixpkgs"
      }
    }
  },
  "root": "root",
  "version": 7
}
