{
  "nodes": {
    "nixpkgs": {
      "locked": {
        "lastModified": 1705692095,
        "narHash": "sha256-iJazHf0FQjuIplTEvDHMkByxQD1kyCp4Cm78krkf3N8=",
        "owner": "NixOS",
        "repo": "nixpkgs",
        "rev": "b4ee3c3cc4b63315702e09858f6b517bdd249b3f",
        "type": "github"
      },
      "original": {
        "owner": "NixOS",
        "repo": "nixpkgs",
        "type": "github"
      }
    },
    "root": {
      "inputs": {
        "nixpkgs": "nixpkgs"
      }
    }
  },
  "root": "root",
  "version": 7
}
